
Microsoft Visual Studio Solution File, Format Version 12.00
# Visual Studio 15
VisualStudioVersion = 15.0.26730.15
MinimumVisualStudioVersion = 10.0.40219.1
Project("{FAE04EC0-301F-11D3-BF4B-00C04F79EFBC}") = "HotelProject", "HotelProject\HotelProject.csproj", "{B4440D11-F90F-4C9F-9C7B-B2D609EAB51A}"
EndProject
Project("{FAE04EC0-301F-11D3-BF4B-00C04F79EFBC}") = "Client", "Client\Client.csproj", "{F21C767D-6BAC-405F-AA6B-1E24E402D381}"
	ProjectSection(ProjectDependencies) = postProject
		{B4440D11-F90F-4C9F-9C7B-B2D609EAB51A} = {B4440D11-F90F-4C9F-9C7B-B2D609EAB51A}
	EndProjectSection
EndProject
Global
	GlobalSection(SolutionConfigurationPlatforms) = preSolution
		Debug|Any CPU = Debug|Any CPU
		Release|Any CPU = Release|Any CPU
	EndGlobalSection
	GlobalSection(ProjectConfigurationPlatforms) = postSolution
		{B4440D11-F90F-4C9F-9C7B-B2D609EAB51A}.Debug|Any CPU.ActiveCfg = Debug|Any CPU
		{B4440D11-F90F-4C9F-9C7B-B2D609EAB51A}.Debug|Any CPU.Build.0 = Debug|Any CPU
		{B4440D11-F90F-4C9F-9C7B-B2D609EAB51A}.Release|Any CPU.ActiveCfg = Release|Any CPU
		{B4440D11-F90F-4C9F-9C7B-B2D609EAB51A}.Release|Any CPU.Build.0 = Release|Any CPU
		{F21C767D-6BAC-405F-AA6B-1E24E402D381}.Debug|Any CPU.ActiveCfg = Debug|Any CPU
		{F21C767D-6BAC-405F-AA6B-1E24E402D381}.Debug|Any CPU.Build.0 = Debug|Any CPU
		{F21C767D-6BAC-405F-AA6B-1E24E402D381}.Release|Any CPU.ActiveCfg = Release|Any CPU
		{F21C767D-6BAC-405F-AA6B-1E24E402D381}.Release|Any CPU.Build.0 = Release|Any CPU
	EndGlobalSection
	GlobalSection(SolutionProperties) = preSolution
		HideSolutionNode = FALSE
	EndGlobalSection
	GlobalSection(ExtensibilityGlobals) = postSolution
		SolutionGuid = {31E3A8CB-9B87-481B-80AF-7F9592322F1D}
	EndGlobalSection
EndGlobal
